{
  "name": "pulsar-language-svelte-alpha",
  "version": "0.0.1",
  "lockfileVersion": 2,
  "requires": true,
  "packages": {
    "": {
      "name": "pulsar-language-svelte-alpha",
      "version": "0.0.1",
      "license": "MIT",
      "engines": {
        "atom": ">=1.0.0 <2.0.0",
        "node": ">=14"
      }
    }
  }
}
